
Microsoft Visual Studio Solution File, Format Version 12.00
# Visual Studio 15
VisualStudioVersion = 15.0.27004.2009
MinimumVisualStudioVersion = 10.0.40219.1
Project("{9A19103F-16F7-4668-BE54-9A1E7A4F7556}") = "Europass.Net.Editor", "Europass.Net.Editor\Europass.Net.Editor.csproj", "{0D123112-A7B0-4251-8179-7C91A3273EEC}"
EndProject
Project("{9A19103F-16F7-4668-BE54-9A1E7A4F7556}") = "Europass.Net", "Europass.Net\Europass.Net.csproj", "{8420FD24-63A2-446E-B529-1FD37B39FF63}"
EndProject
Project("{FAE04EC0-301F-11D3-BF4B-00C04F79EFBC}") = "Europass.Net.Test", "Europass.Net.Test\Europass.Net.Test.csproj", "{FF195843-E3DC-495C-BEAD-5DAC0305B918}"
EndProject
Global
	GlobalSection(SolutionConfigurationPlatforms) = preSolution
		Debug|Any CPU = Debug|Any CPU
		Release|Any CPU = Release|Any CPU
	EndGlobalSection
	GlobalSection(ProjectConfigurationPlatforms) = postSolution
		{0D123112-A7B0-4251-8179-7C91A3273EEC}.Debug|Any CPU.ActiveCfg = Debug|Any CPU
		{0D123112-A7B0-4251-8179-7C91A3273EEC}.Debug|Any CPU.Build.0 = Debug|Any CPU
		{0D123112-A7B0-4251-8179-7C91A3273EEC}.Release|Any CPU.ActiveCfg = Release|Any CPU
		{0D123112-A7B0-4251-8179-7C91A3273EEC}.Release|Any CPU.Build.0 = Release|Any CPU
		{8420FD24-63A2-446E-B529-1FD37B39FF63}.Debug|Any CPU.ActiveCfg = Debug|Any CPU
		{8420FD24-63A2-446E-B529-1FD37B39FF63}.Debug|Any CPU.Build.0 = Debug|Any CPU
		{8420FD24-63A2-446E-B529-1FD37B39FF63}.Release|Any CPU.ActiveCfg = Release|Any CPU
		{8420FD24-63A2-446E-B529-1FD37B39FF63}.Release|Any CPU.Build.0 = Release|Any CPU
		{FF195843-E3DC-495C-BEAD-5DAC0305B918}.Debug|Any CPU.ActiveCfg = Debug|Any CPU
		{FF195843-E3DC-495C-BEAD-5DAC0305B918}.Debug|Any CPU.Build.0 = Debug|Any CPU
		{FF195843-E3DC-495C-BEAD-5DAC0305B918}.Release|Any CPU.ActiveCfg = Release|Any CPU
		{FF195843-E3DC-495C-BEAD-5DAC0305B918}.Release|Any CPU.Build.0 = Release|Any CPU
	EndGlobalSection
	GlobalSection(SolutionProperties) = preSolution
		HideSolutionNode = FALSE
	EndGlobalSection
	GlobalSection(ExtensibilityGlobals) = postSolution
		SolutionGuid = {C10BF1F2-5772-4E16-B439-3FF2BEF99DF7}
	EndGlobalSection
EndGlobal
